
Microsoft Visual Studio Solution File, Format Version 12.00
# Visual Studio 15
VisualStudioVersion = 15.0.28010.2026
MinimumVisualStudioVersion = 10.0.40219.1
Project("{FAE04EC0-301F-11D3-BF4B-00C04F79EFBC}") = "ProductionModel", "ProductionModel\ProductionModel.csproj", "{AFE545E9-E0F9-431F-815B-94DF3D2528D4}"
EndProject
Global
	GlobalSection(SolutionConfigurationPlatforms) = preSolution
		Debug|Any CPU = Debug|Any CPU
		Release|Any CPU = Release|Any CPU
	EndGlobalSection
	GlobalSection(ProjectConfigurationPlatforms) = postSolution
		{AFE545E9-E0F9-431F-815B-94DF3D2528D4}.Debug|Any CPU.ActiveCfg = Debug|Any CPU
		{AFE545E9-E0F9-431F-815B-94DF3D2528D4}.Debug|Any CPU.Build.0 = Debug|Any CPU
		{AFE545E9-E0F9-431F-815B-94DF3D2528D4}.Release|Any CPU.ActiveCfg = Release|Any CPU
		{AFE545E9-E0F9-431F-815B-94DF3D2528D4}.Release|Any CPU.Build.0 = Release|Any CPU
	EndGlobalSection
	GlobalSection(SolutionProperties) = preSolution
		HideSolutionNode = FALSE
	EndGlobalSection
	GlobalSection(ExtensibilityGlobals) = postSolution
		SolutionGuid = {D4C46E91-C9E0-49EE-A016-13B3D429D095}
	EndGlobalSection
EndGlobal
